
Microsoft Visual Studio Solution File, Format Version 12.00
# Visual Studio 15
VisualStudioVersion = 15.0.27703.2000
MinimumVisualStudioVersion = 10.0.40219.1
Project("{FAE04EC0-301F-11D3-BF4B-00C04F79EFBC}") = "MyServer", "MyServer\MyServer.csproj", "{C3F66E0A-6DCF-4F7D-A13A-40EF2E2C455F}"
EndProject
Project("{FAE04EC0-301F-11D3-BF4B-00C04F79EFBC}") = "MyClient", "MyClient\MyClient.csproj", "{84FF6077-8FD0-41D0-BE54-EBEAB96A3D06}"
EndProject
Project("{FAE04EC0-301F-11D3-BF4B-00C04F79EFBC}") = "Android_Client", "Android_Client\Android_Client.csproj", "{53BB938D-9AD4-4428-AE98-B6DF6E48F694}"
EndProject
Global
	GlobalSection(SolutionConfigurationPlatforms) = preSolution
		Debug|Any CPU = Debug|Any CPU
		Release|Any CPU = Release|Any CPU
	EndGlobalSection
	GlobalSection(ProjectConfigurationPlatforms) = postSolution
		{C3F66E0A-6DCF-4F7D-A13A-40EF2E2C455F}.Debug|Any CPU.ActiveCfg = Debug|Any CPU
		{C3F66E0A-6DCF-4F7D-A13A-40EF2E2C455F}.Debug|Any CPU.Build.0 = Debug|Any CPU
		{C3F66E0A-6DCF-4F7D-A13A-40EF2E2C455F}.Release|Any CPU.ActiveCfg = Release|Any CPU
		{C3F66E0A-6DCF-4F7D-A13A-40EF2E2C455F}.Release|Any CPU.Build.0 = Release|Any CPU
		{84FF6077-8FD0-41D0-BE54-EBEAB96A3D06}.Debug|Any CPU.ActiveCfg = Debug|Any CPU
		{84FF6077-8FD0-41D0-BE54-EBEAB96A3D06}.Debug|Any CPU.Build.0 = Debug|Any CPU
		{84FF6077-8FD0-41D0-BE54-EBEAB96A3D06}.Release|Any CPU.ActiveCfg = Release|Any CPU
		{84FF6077-8FD0-41D0-BE54-EBEAB96A3D06}.Release|Any CPU.Build.0 = Release|Any CPU
		{53BB938D-9AD4-4428-AE98-B6DF6E48F694}.Debug|Any CPU.ActiveCfg = Debug|Any CPU
		{53BB938D-9AD4-4428-AE98-B6DF6E48F694}.Debug|Any CPU.Build.0 = Debug|Any CPU
		{53BB938D-9AD4-4428-AE98-B6DF6E48F694}.Debug|Any CPU.Deploy.0 = Debug|Any CPU
		{53BB938D-9AD4-4428-AE98-B6DF6E48F694}.Release|Any CPU.ActiveCfg = Release|Any CPU
		{53BB938D-9AD4-4428-AE98-B6DF6E48F694}.Release|Any CPU.Build.0 = Release|Any CPU
		{53BB938D-9AD4-4428-AE98-B6DF6E48F694}.Release|Any CPU.Deploy.0 = Release|Any CPU
	EndGlobalSection
	GlobalSection(SolutionProperties) = preSolution
		HideSolutionNode = FALSE
	EndGlobalSection
	GlobalSection(ExtensibilityGlobals) = postSolution
		SolutionGuid = {B0599BA3-7790-42F3-A422-DF8BF70A3F55}
	EndGlobalSection
EndGlobal
