
Microsoft Visual Studio Solution File, Format Version 12.00
# Visual Studio 15
VisualStudioVersion = 15.0.27703.2000
MinimumVisualStudioVersion = 10.0.40219.1
Project("{FAE04EC0-301F-11D3-BF4B-00C04F79EFBC}") = "Test_Socket", "Test_Socket\Test_Socket.csproj", "{AEBF4039-AA22-4AA0-BB3B-F8165264CD04}"
EndProject
Global
	GlobalSection(SolutionConfigurationPlatforms) = preSolution
		Debug|Any CPU = Debug|Any CPU
		Release|Any CPU = Release|Any CPU
	EndGlobalSection
	GlobalSection(ProjectConfigurationPlatforms) = postSolution
		{AEBF4039-AA22-4AA0-BB3B-F8165264CD04}.Debug|Any CPU.ActiveCfg = Debug|Any CPU
		{AEBF4039-AA22-4AA0-BB3B-F8165264CD04}.Debug|Any CPU.Build.0 = Debug|Any CPU
		{AEBF4039-AA22-4AA0-BB3B-F8165264CD04}.Release|Any CPU.ActiveCfg = Release|Any CPU
		{AEBF4039-AA22-4AA0-BB3B-F8165264CD04}.Release|Any CPU.Build.0 = Release|Any CPU
	EndGlobalSection
	GlobalSection(SolutionProperties) = preSolution
		HideSolutionNode = FALSE
	EndGlobalSection
	GlobalSection(ExtensibilityGlobals) = postSolution
		SolutionGuid = {B0599BA3-7790-42F3-A422-DF8BF70A3F55}
	EndGlobalSection
EndGlobal
